
Microsoft Visual Studio Solution File, Format Version 12.00
# Visual Studio Version 16
VisualStudioVersion = 16.0.31613.86
MinimumVisualStudioVersion = 10.0.40219.1
Project("{9A19103F-16F7-4668-BE54-9A1E7A4F7556}") = "CharacterAPI", "CharacterAPI.csproj", "{99A96CD1-BF9B-4DDF-A1B4-8CC320217DDE}"
EndProject
Project("{9A19103F-16F7-4668-BE54-9A1E7A4F7556}") = "CharacterAPITests", "..\CharacterAPITests\CharacterAPITests.csproj", "{6B7D00E3-16CD-4C00-8E6F-A25353FD497C}"
EndProject
Global
	GlobalSection(SolutionConfigurationPlatforms) = preSolution
		Debug|Any CPU = Debug|Any CPU
		Release|Any CPU = Release|Any CPU
	EndGlobalSection
	GlobalSection(ProjectConfigurationPlatforms) = postSolution
		{99A96CD1-BF9B-4DDF-A1B4-8CC320217DDE}.Debug|Any CPU.ActiveCfg = Debug|Any CPU
		{99A96CD1-BF9B-4DDF-A1B4-8CC320217DDE}.Debug|Any CPU.Build.0 = Debug|Any CPU
		{99A96CD1-BF9B-4DDF-A1B4-8CC320217DDE}.Release|Any CPU.ActiveCfg = Release|Any CPU
		{99A96CD1-BF9B-4DDF-A1B4-8CC320217DDE}.Release|Any CPU.Build.0 = Release|Any CPU
		{6B7D00E3-16CD-4C00-8E6F-A25353FD497C}.Debug|Any CPU.ActiveCfg = Debug|Any CPU
		{6B7D00E3-16CD-4C00-8E6F-A25353FD497C}.Debug|Any CPU.Build.0 = Debug|Any CPU
		{6B7D00E3-16CD-4C00-8E6F-A25353FD497C}.Release|Any CPU.ActiveCfg = Release|Any CPU
		{6B7D00E3-16CD-4C00-8E6F-A25353FD497C}.Release|Any CPU.Build.0 = Release|Any CPU
	EndGlobalSection
	GlobalSection(SolutionProperties) = preSolution
		HideSolutionNode = FALSE
	EndGlobalSection
	GlobalSection(ExtensibilityGlobals) = postSolution
		SolutionGuid = {97DB0761-6E92-46A7-AD9B-9C35932E5EDD}
	EndGlobalSection
EndGlobal
